
Microsoft Visual Studio Solution File, Format Version 12.00
# Visual Studio Version 17
VisualStudioVersion = 17.5.33530.505
MinimumVisualStudioVersion = 10.0.40219.1
Project("{2150E333-8FDC-42A3-9474-1A3956D46DE8}") = "algorithms", "algorithms", "{BAA82A53-E78E-4BF5-A9F5-274D73E2BB6D}"
EndProject
Project("{9A19103F-16F7-4668-BE54-9A1E7A4F7556}") = "a23_b35_c8", "a23_b35\a23_b35_c8.csproj", "{79566426-4932-4BE7-946C-F42747BBBF26}"
EndProject
Project("{9A19103F-16F7-4668-BE54-9A1E7A4F7556}") = "c9_f33", "b36_\c9_f33.csproj", "{D343C5F1-B821-411B-8D80-D805865171EF}"
EndProject
Project("{9A19103F-16F7-4668-BE54-9A1E7A4F7556}") = "f35_", "f35_\f35_.csproj", "{B5450BE7-3B0A-4BB2-9ED5-8BBB7689E264}"
EndProject
Project("{9A19103F-16F7-4668-BE54-9A1E7A4F7556}") = "f39_", "f50_\f39_.csproj", "{826B9304-F6FE-481B-BBCB-E708E1201847}"
EndProject
Project("{9A19103F-16F7-4668-BE54-9A1E7A4F7556}") = "golden", "golden\golden.csproj", "{D9C69BE1-ADDF-4DE7-A05D-086561E20F91}"
EndProject
Project("{9A19103F-16F7-4668-BE54-9A1E7A4F7556}") = "H1_", "H1_\H1_.csproj", "{F947291E-0FDD-46D4-920B-768D02D247E5}"
EndProject
Project("{9A19103F-16F7-4668-BE54-9A1E7A4F7556}") = "demo", "demo\demo.csproj", "{8D0DFE08-DA49-43A2-B21A-9214C0E31333}"
EndProject
Project("{FAE04EC0-301F-11D3-BF4B-00C04F79EFBC}") = "consoleApp", "consoleApp\consoleApp.csproj", "{079EC825-A4BD-404C-AB6B-FEA01B343BB3}"
EndProject
Global
	GlobalSection(SolutionConfigurationPlatforms) = preSolution
		Debug|Any CPU = Debug|Any CPU
		Release|Any CPU = Release|Any CPU
	EndGlobalSection
	GlobalSection(ProjectConfigurationPlatforms) = postSolution
		{79566426-4932-4BE7-946C-F42747BBBF26}.Debug|Any CPU.ActiveCfg = Debug|Any CPU
		{79566426-4932-4BE7-946C-F42747BBBF26}.Debug|Any CPU.Build.0 = Debug|Any CPU
		{79566426-4932-4BE7-946C-F42747BBBF26}.Release|Any CPU.ActiveCfg = Release|Any CPU
		{79566426-4932-4BE7-946C-F42747BBBF26}.Release|Any CPU.Build.0 = Release|Any CPU
		{D343C5F1-B821-411B-8D80-D805865171EF}.Debug|Any CPU.ActiveCfg = Debug|Any CPU
		{D343C5F1-B821-411B-8D80-D805865171EF}.Debug|Any CPU.Build.0 = Debug|Any CPU
		{D343C5F1-B821-411B-8D80-D805865171EF}.Release|Any CPU.ActiveCfg = Release|Any CPU
		{D343C5F1-B821-411B-8D80-D805865171EF}.Release|Any CPU.Build.0 = Release|Any CPU
		{B5450BE7-3B0A-4BB2-9ED5-8BBB7689E264}.Debug|Any CPU.ActiveCfg = Debug|Any CPU
		{B5450BE7-3B0A-4BB2-9ED5-8BBB7689E264}.Debug|Any CPU.Build.0 = Debug|Any CPU
		{B5450BE7-3B0A-4BB2-9ED5-8BBB7689E264}.Release|Any CPU.ActiveCfg = Release|Any CPU
		{B5450BE7-3B0A-4BB2-9ED5-8BBB7689E264}.Release|Any CPU.Build.0 = Release|Any CPU
		{826B9304-F6FE-481B-BBCB-E708E1201847}.Debug|Any CPU.ActiveCfg = Debug|Any CPU
		{826B9304-F6FE-481B-BBCB-E708E1201847}.Debug|Any CPU.Build.0 = Debug|Any CPU
		{826B9304-F6FE-481B-BBCB-E708E1201847}.Release|Any CPU.ActiveCfg = Release|Any CPU
		{826B9304-F6FE-481B-BBCB-E708E1201847}.Release|Any CPU.Build.0 = Release|Any CPU
		{D9C69BE1-ADDF-4DE7-A05D-086561E20F91}.Debug|Any CPU.ActiveCfg = Debug|Any CPU
		{D9C69BE1-ADDF-4DE7-A05D-086561E20F91}.Debug|Any CPU.Build.0 = Debug|Any CPU
		{D9C69BE1-ADDF-4DE7-A05D-086561E20F91}.Release|Any CPU.ActiveCfg = Release|Any CPU
		{D9C69BE1-ADDF-4DE7-A05D-086561E20F91}.Release|Any CPU.Build.0 = Release|Any CPU
		{F947291E-0FDD-46D4-920B-768D02D247E5}.Debug|Any CPU.ActiveCfg = Debug|Any CPU
		{F947291E-0FDD-46D4-920B-768D02D247E5}.Debug|Any CPU.Build.0 = Debug|Any CPU
		{F947291E-0FDD-46D4-920B-768D02D247E5}.Release|Any CPU.ActiveCfg = Release|Any CPU
		{F947291E-0FDD-46D4-920B-768D02D247E5}.Release|Any CPU.Build.0 = Release|Any CPU
		{8D0DFE08-DA49-43A2-B21A-9214C0E31333}.Debug|Any CPU.ActiveCfg = Debug|Any CPU
		{8D0DFE08-DA49-43A2-B21A-9214C0E31333}.Debug|Any CPU.Build.0 = Debug|Any CPU
		{8D0DFE08-DA49-43A2-B21A-9214C0E31333}.Release|Any CPU.ActiveCfg = Release|Any CPU
		{8D0DFE08-DA49-43A2-B21A-9214C0E31333}.Release|Any CPU.Build.0 = Release|Any CPU
		{079EC825-A4BD-404C-AB6B-FEA01B343BB3}.Debug|Any CPU.ActiveCfg = Debug|Any CPU
		{079EC825-A4BD-404C-AB6B-FEA01B343BB3}.Debug|Any CPU.Build.0 = Debug|Any CPU
		{079EC825-A4BD-404C-AB6B-FEA01B343BB3}.Release|Any CPU.ActiveCfg = Release|Any CPU
		{079EC825-A4BD-404C-AB6B-FEA01B343BB3}.Release|Any CPU.Build.0 = Release|Any CPU
	EndGlobalSection
	GlobalSection(SolutionProperties) = preSolution
		HideSolutionNode = FALSE
	EndGlobalSection
	GlobalSection(NestedProjects) = preSolution
		{79566426-4932-4BE7-946C-F42747BBBF26} = {BAA82A53-E78E-4BF5-A9F5-274D73E2BB6D}
		{D343C5F1-B821-411B-8D80-D805865171EF} = {BAA82A53-E78E-4BF5-A9F5-274D73E2BB6D}
		{B5450BE7-3B0A-4BB2-9ED5-8BBB7689E264} = {BAA82A53-E78E-4BF5-A9F5-274D73E2BB6D}
		{826B9304-F6FE-481B-BBCB-E708E1201847} = {BAA82A53-E78E-4BF5-A9F5-274D73E2BB6D}
		{D9C69BE1-ADDF-4DE7-A05D-086561E20F91} = {BAA82A53-E78E-4BF5-A9F5-274D73E2BB6D}
		{F947291E-0FDD-46D4-920B-768D02D247E5} = {BAA82A53-E78E-4BF5-A9F5-274D73E2BB6D}
		{8D0DFE08-DA49-43A2-B21A-9214C0E31333} = {BAA82A53-E78E-4BF5-A9F5-274D73E2BB6D}
		{079EC825-A4BD-404C-AB6B-FEA01B343BB3} = {BAA82A53-E78E-4BF5-A9F5-274D73E2BB6D}
	EndGlobalSection
	GlobalSection(ExtensibilityGlobals) = postSolution
		SolutionGuid = {05422EBB-7EA8-4368-ABF7-4C05041F9C70}
	EndGlobalSection
EndGlobal
